PODS:
  - AJMessage (1.2.1)
  - ImpressiveNotifications (0.5.0)
  - SwiftyJSON (5.0.0)

DEPENDENCIES:
  - AJMessage
  - ImpressiveNotifications
  - SwiftyJSON

SPEC REPOS:
  trunk:
    - AJMessage
    - ImpressiveNotifications
    - SwiftyJSON

SPEC CHECKSUMS:
  AJMessage: aac20e04fbee91d20355d2e7582171e8fc3a760e
  ImpressiveNotifications: 9a3921276e916e244abb7e4b2a6661133479a17c
  SwiftyJSON: 36413e04c44ee145039d332b4f4e2d3e8d6c4db7

PODFILE CHECKSUM: 68267d9aff540b3e63790a16a212f3eacfcaed17

COCOAPODS: 1.8.4
