PODS:
  - AJMessage (1.2.1)
  - AppCenter (2.5.0):
    - AppCenter/Analytics (= 2.5.0)
    - AppCenter/Crashes (= 2.5.0)
  - AppCenter/Analytics (2.5.0):
    - AppCenter/Core
  - AppCenter/Core (2.5.0)
  - AppCenter/Crashes (2.5.0):
    - AppCenter/Core
  - ImpressiveNotifications (0.5.0)
  - SwiftyJSON (5.0.0)

DEPENDENCIES:
  - AJMessage
  - AppCenter
  - ImpressiveNotifications
  - SwiftyJSON

SPEC REPOS:
  trunk:
    - AJMessage
    - AppCenter
    - ImpressiveNotifications
    - SwiftyJSON

SPEC CHECKSUMS:
  AJMessage: aac20e04fbee91d20355d2e7582171e8fc3a760e
  AppCenter: 637f180deefc61e8ab3f94223869ee50f61dabea
  ImpressiveNotifications: 9a3921276e916e244abb7e4b2a6661133479a17c
  SwiftyJSON: 36413e04c44ee145039d332b4f4e2d3e8d6c4db7

PODFILE CHECKSUM: cbb226880fded6107a64fda5547416bb52742796

COCOAPODS: 1.8.4
